
Microsoft Visual Studio Solution File, Format Version 12.00
# Visual Studio Version 17
VisualStudioVersion = 17.4.33205.214
MinimumVisualStudioVersion = 10.0.40219.1
Project("{FAE04EC0-301F-11D3-BF4B-00C04F79EFBC}") = "Rent-Management", "Rent-Management\Rent-Management.csproj", "{14923AF2-BB1B-49CC-ADE5-7E2B5EC9F7A5}"
EndProject
Global
	GlobalSection(SolutionConfigurationPlatforms) = preSolution
		Debug|Any CPU = Debug|Any CPU
		Release|Any CPU = Release|Any CPU
	EndGlobalSection
	GlobalSection(ProjectConfigurationPlatforms) = postSolution
		{14923AF2-BB1B-49CC-ADE5-7E2B5EC9F7A5}.Debug|Any CPU.ActiveCfg = Debug|Any CPU
		{14923AF2-BB1B-49CC-ADE5-7E2B5EC9F7A5}.Debug|Any CPU.Build.0 = Debug|Any CPU
		{14923AF2-BB1B-49CC-ADE5-7E2B5EC9F7A5}.Release|Any CPU.ActiveCfg = Release|Any CPU
		{14923AF2-BB1B-49CC-ADE5-7E2B5EC9F7A5}.Release|Any CPU.Build.0 = Release|Any CPU
	EndGlobalSection
	GlobalSection(SolutionProperties) = preSolution
		HideSolutionNode = FALSE
	EndGlobalSection
	GlobalSection(ExtensibilityGlobals) = postSolution
		SolutionGuid = {815633C3-D61E-4FFE-8B2E-4716A6C64678}
	EndGlobalSection
EndGlobal
